
Microsoft Visual Studio Solution File, Format Version 12.00
# Visual Studio 2013
VisualStudioVersion = 12.0.31101.0
MinimumVisualStudioVersion = 10.0.40219.1
Project("{2150E333-8FDC-42A3-9474-1A3956D46DE8}") = ".nuget", ".nuget", "{8B9B8233-670D-4116-8DC4-4BD297759BE0}"
	ProjectSection(SolutionItems) = preProject
		.nuget\NuGet.Config = .nuget\NuGet.Config
		.nuget\NuGet.exe = .nuget\NuGet.exe
		.nuget\NuGet.targets = .nuget\NuGet.targets
	EndProjectSection
EndProject
Project("{FAE04EC0-301F-11D3-BF4B-00C04F79EFBC}") = "Kironer.Shop", "Presentations\Kironer.Shop\Kironer.Shop.csproj", "{C21370BA-959A-460D-9A1A-3C3247D3C009}"
EndProject
Project("{FAE04EC0-301F-11D3-BF4B-00C04F79EFBC}") = "Kironer.Shop.Tests", "Presentations\Kironer.Shop.Tests\Kironer.Shop.Tests.csproj", "{8C7E33DA-97EC-427C-8E0C-1083400A1AF3}"
EndProject
Project("{2150E333-8FDC-42A3-9474-1A3956D46DE8}") = "1. Presentations", "1. Presentations", "{1265C43E-B438-4FA2-B695-3B30B425E9C1}"
EndProject
Project("{2150E333-8FDC-42A3-9474-1A3956D46DE8}") = "2. Services", "2. Services", "{900F20CD-C1BC-4960-A4F0-3663AA568E0B}"
EndProject
Project("{FAE04EC0-301F-11D3-BF4B-00C04F79EFBC}") = "Kironer.Services", "Services\Kironer.Services\Kironer.Services.csproj", "{9A347825-DC1F-4F5B-B354-DC7BE1891EAC}"
EndProject
Project("{FAE04EC0-301F-11D3-BF4B-00C04F79EFBC}") = "Kironer.Services.Tests", "Services\Kironer.Services.Tests\Kironer.Services.Tests.csproj", "{4082468B-9ADE-4B4C-9F47-71C4BAB9F128}"
EndProject
Project("{2150E333-8FDC-42A3-9474-1A3956D46DE8}") = "3. Repositories", "3. Repositories", "{9FF1F18D-D1DB-473F-9E2A-67FE2D13E02F}"
EndProject
Project("{FAE04EC0-301F-11D3-BF4B-00C04F79EFBC}") = "Kironer.Repositories", "Repositories\Kironer.Repositories\Kironer.Repositories.csproj", "{5D279E56-88D0-48BB-8C94-064F8CEE5052}"
EndProject
Project("{2150E333-8FDC-42A3-9474-1A3956D46DE8}") = "4. Crossings", "4. Crossings", "{07251018-D344-46FC-B8C2-D5941751A164}"
EndProject
Project("{FAE04EC0-301F-11D3-BF4B-00C04F79EFBC}") = "Kironer.Repositories.Tests", "Repositories\Kironer.Repositories.Tests\Kironer.Repositories.Tests.csproj", "{C33572F9-01F1-4EA9-A7EC-9E6297C90204}"
EndProject
Project("{FAE04EC0-301F-11D3-BF4B-00C04F79EFBC}") = "Kironer.Mappers", "Crossings\Kironer.Mappers\Kironer.Mappers.csproj", "{8E1F15DA-91CA-48AF-AD82-24D4716B5528}"
EndProject
Project("{FAE04EC0-301F-11D3-BF4B-00C04F79EFBC}") = "Kironer.Modules", "Crossings\Kironer.Modules\Kironer.Modules.csproj", "{6391D8EB-EA7A-4269-9F79-F42EF9FA265A}"
EndProject
Project("{FAE04EC0-301F-11D3-BF4B-00C04F79EFBC}") = "Kironer.Validators", "Crossings\Kironer.Validators\Kironer.Validators.csproj", "{BAB8B674-4A0C-465F-9C6F-F15A0E1E677E}"
EndProject
Global
	GlobalSection(SolutionConfigurationPlatforms) = preSolution
		Debug|Any CPU = Debug|Any CPU
		Release|Any CPU = Release|Any CPU
	EndGlobalSection
	GlobalSection(ProjectConfigurationPlatforms) = postSolution
		{C21370BA-959A-460D-9A1A-3C3247D3C009}.Debug|Any CPU.ActiveCfg = Debug|Any CPU
		{C21370BA-959A-460D-9A1A-3C3247D3C009}.Debug|Any CPU.Build.0 = Debug|Any CPU
		{C21370BA-959A-460D-9A1A-3C3247D3C009}.Release|Any CPU.ActiveCfg = Release|Any CPU
		{C21370BA-959A-460D-9A1A-3C3247D3C009}.Release|Any CPU.Build.0 = Release|Any CPU
		{8C7E33DA-97EC-427C-8E0C-1083400A1AF3}.Debug|Any CPU.ActiveCfg = Debug|Any CPU
		{8C7E33DA-97EC-427C-8E0C-1083400A1AF3}.Debug|Any CPU.Build.0 = Debug|Any CPU
		{8C7E33DA-97EC-427C-8E0C-1083400A1AF3}.Release|Any CPU.ActiveCfg = Release|Any CPU
		{8C7E33DA-97EC-427C-8E0C-1083400A1AF3}.Release|Any CPU.Build.0 = Release|Any CPU
		{9A347825-DC1F-4F5B-B354-DC7BE1891EAC}.Debug|Any CPU.ActiveCfg = Debug|Any CPU
		{9A347825-DC1F-4F5B-B354-DC7BE1891EAC}.Debug|Any CPU.Build.0 = Debug|Any CPU
		{9A347825-DC1F-4F5B-B354-DC7BE1891EAC}.Release|Any CPU.ActiveCfg = Release|Any CPU
		{9A347825-DC1F-4F5B-B354-DC7BE1891EAC}.Release|Any CPU.Build.0 = Release|Any CPU
		{4082468B-9ADE-4B4C-9F47-71C4BAB9F128}.Debug|Any CPU.ActiveCfg = Debug|Any CPU
		{4082468B-9ADE-4B4C-9F47-71C4BAB9F128}.Debug|Any CPU.Build.0 = Debug|Any CPU
		{4082468B-9ADE-4B4C-9F47-71C4BAB9F128}.Release|Any CPU.ActiveCfg = Release|Any CPU
		{4082468B-9ADE-4B4C-9F47-71C4BAB9F128}.Release|Any CPU.Build.0 = Release|Any CPU
		{5D279E56-88D0-48BB-8C94-064F8CEE5052}.Debug|Any CPU.ActiveCfg = Debug|Any CPU
		{5D279E56-88D0-48BB-8C94-064F8CEE5052}.Debug|Any CPU.Build.0 = Debug|Any CPU
		{5D279E56-88D0-48BB-8C94-064F8CEE5052}.Release|Any CPU.ActiveCfg = Release|Any CPU
		{5D279E56-88D0-48BB-8C94-064F8CEE5052}.Release|Any CPU.Build.0 = Release|Any CPU
		{C33572F9-01F1-4EA9-A7EC-9E6297C90204}.Debug|Any CPU.ActiveCfg = Debug|Any CPU
		{C33572F9-01F1-4EA9-A7EC-9E6297C90204}.Debug|Any CPU.Build.0 = Debug|Any CPU
		{C33572F9-01F1-4EA9-A7EC-9E6297C90204}.Release|Any CPU.ActiveCfg = Release|Any CPU
		{C33572F9-01F1-4EA9-A7EC-9E6297C90204}.Release|Any CPU.Build.0 = Release|Any CPU
		{8E1F15DA-91CA-48AF-AD82-24D4716B5528}.Debug|Any CPU.ActiveCfg = Debug|Any CPU
		{8E1F15DA-91CA-48AF-AD82-24D4716B5528}.Debug|Any CPU.Build.0 = Debug|Any CPU
		{8E1F15DA-91CA-48AF-AD82-24D4716B5528}.Release|Any CPU.ActiveCfg = Release|Any CPU
		{8E1F15DA-91CA-48AF-AD82-24D4716B5528}.Release|Any CPU.Build.0 = Release|Any CPU
		{6391D8EB-EA7A-4269-9F79-F42EF9FA265A}.Debug|Any CPU.ActiveCfg = Debug|Any CPU
		{6391D8EB-EA7A-4269-9F79-F42EF9FA265A}.Debug|Any CPU.Build.0 = Debug|Any CPU
		{6391D8EB-EA7A-4269-9F79-F42EF9FA265A}.Release|Any CPU.ActiveCfg = Release|Any CPU
		{6391D8EB-EA7A-4269-9F79-F42EF9FA265A}.Release|Any CPU.Build.0 = Release|Any CPU
		{BAB8B674-4A0C-465F-9C6F-F15A0E1E677E}.Debug|Any CPU.ActiveCfg = Debug|Any CPU
		{BAB8B674-4A0C-465F-9C6F-F15A0E1E677E}.Debug|Any CPU.Build.0 = Debug|Any CPU
		{BAB8B674-4A0C-465F-9C6F-F15A0E1E677E}.Release|Any CPU.ActiveCfg = Release|Any CPU
		{BAB8B674-4A0C-465F-9C6F-F15A0E1E677E}.Release|Any CPU.Build.0 = Release|Any CPU
	EndGlobalSection
	GlobalSection(SolutionProperties) = preSolution
		HideSolutionNode = FALSE
	EndGlobalSection
	GlobalSection(NestedProjects) = preSolution
		{C21370BA-959A-460D-9A1A-3C3247D3C009} = {1265C43E-B438-4FA2-B695-3B30B425E9C1}
		{8C7E33DA-97EC-427C-8E0C-1083400A1AF3} = {1265C43E-B438-4FA2-B695-3B30B425E9C1}
		{9A347825-DC1F-4F5B-B354-DC7BE1891EAC} = {900F20CD-C1BC-4960-A4F0-3663AA568E0B}
		{4082468B-9ADE-4B4C-9F47-71C4BAB9F128} = {900F20CD-C1BC-4960-A4F0-3663AA568E0B}
		{5D279E56-88D0-48BB-8C94-064F8CEE5052} = {9FF1F18D-D1DB-473F-9E2A-67FE2D13E02F}
		{C33572F9-01F1-4EA9-A7EC-9E6297C90204} = {9FF1F18D-D1DB-473F-9E2A-67FE2D13E02F}
		{8E1F15DA-91CA-48AF-AD82-24D4716B5528} = {07251018-D344-46FC-B8C2-D5941751A164}
		{6391D8EB-EA7A-4269-9F79-F42EF9FA265A} = {07251018-D344-46FC-B8C2-D5941751A164}
		{BAB8B674-4A0C-465F-9C6F-F15A0E1E677E} = {07251018-D344-46FC-B8C2-D5941751A164}
	EndGlobalSection
EndGlobal
