
Microsoft Visual Studio Solution File, Format Version 12.00
# Visual Studio 2013
VisualStudioVersion = 12.0.31101.0
MinimumVisualStudioVersion = 10.0.40219.1
Project("{FAE04EC0-301F-11D3-BF4B-00C04F79EFBC}") = "Kironer.Shop", "Kironer.Shop\Kironer.Shop.csproj", "{C21370BA-959A-460D-9A1A-3C3247D3C009}"
EndProject
Project("{FAE04EC0-301F-11D3-BF4B-00C04F79EFBC}") = "Kironer.Shop.Tests", "Kironer.Shop.Tests\Kironer.Shop.Tests.csproj", "{8C7E33DA-97EC-427C-8E0C-1083400A1AF3}"
EndProject
Global
	GlobalSection(SolutionConfigurationPlatforms) = preSolution
		Debug|Any CPU = Debug|Any CPU
		Release|Any CPU = Release|Any CPU
	EndGlobalSection
	GlobalSection(ProjectConfigurationPlatforms) = postSolution
		{C21370BA-959A-460D-9A1A-3C3247D3C009}.Debug|Any CPU.ActiveCfg = Debug|Any CPU
		{C21370BA-959A-460D-9A1A-3C3247D3C009}.Debug|Any CPU.Build.0 = Debug|Any CPU
		{C21370BA-959A-460D-9A1A-3C3247D3C009}.Release|Any CPU.ActiveCfg = Release|Any CPU
		{C21370BA-959A-460D-9A1A-3C3247D3C009}.Release|Any CPU.Build.0 = Release|Any CPU
		{8C7E33DA-97EC-427C-8E0C-1083400A1AF3}.Debug|Any CPU.ActiveCfg = Debug|Any CPU
		{8C7E33DA-97EC-427C-8E0C-1083400A1AF3}.Debug|Any CPU.Build.0 = Debug|Any CPU
		{8C7E33DA-97EC-427C-8E0C-1083400A1AF3}.Release|Any CPU.ActiveCfg = Release|Any CPU
		{8C7E33DA-97EC-427C-8E0C-1083400A1AF3}.Release|Any CPU.Build.0 = Release|Any CPU
	EndGlobalSection
	GlobalSection(SolutionProperties) = preSolution
		HideSolutionNode = FALSE
	EndGlobalSection
EndGlobal
